{
    "_readme": [
        "This file locks the dependencies of your project to a known state",
        "Read more about it at https://getcomposer.org/doc/01-basic-usage.md#composer-lock-the-lock-file",
        "This file is @generated automatically"
    ],
    "content-hash": "5c858d0b648c911f11d76fb6268d4e49",
    "packages": [],
    "packages-dev": [],
    "aliases": [],
    "minimum-stability": "stable",
    "stability-flags": {
        "ext-imagick": 5
    },
    "prefer-stable": false,
    "prefer-lowest": false,
    "platform": {
        "ext-imagick": "^3.4@RC"
    },
    "platform-dev": []
}
